
Microsoft Visual Studio Solution File, Format Version 12.00
# Visual Studio Version 16
VisualStudioVersion = 16.0.31702.278
MinimumVisualStudioVersion = 10.0.40219.1
Project("{FAE04EC0-301F-11D3-BF4B-00C04F79EFBC}") = "PC2Arduino", "PC2Arduino.csproj", "{45ECEAE9-191E-42A7-918C-B5890ED72DA9}"
EndProject
Global
	GlobalSection(SolutionConfigurationPlatforms) = preSolution
		Debug|Any CPU = Debug|Any CPU
		Release|Any CPU = Release|Any CPU
	EndGlobalSection
	GlobalSection(ProjectConfigurationPlatforms) = postSolution
		{45ECEAE9-191E-42A7-918C-B5890ED72DA9}.Debug|Any CPU.ActiveCfg = Debug|Any CPU
		{45ECEAE9-191E-42A7-918C-B5890ED72DA9}.Debug|Any CPU.Build.0 = Debug|Any CPU
		{45ECEAE9-191E-42A7-918C-B5890ED72DA9}.Release|Any CPU.ActiveCfg = Release|Any CPU
		{45ECEAE9-191E-42A7-918C-B5890ED72DA9}.Release|Any CPU.Build.0 = Release|Any CPU
	EndGlobalSection
	GlobalSection(SolutionProperties) = preSolution
		HideSolutionNode = FALSE
	EndGlobalSection
	GlobalSection(ExtensibilityGlobals) = postSolution
		SolutionGuid = {E4E9449F-D9BA-4DEA-B7AB-EE371EB14A4E}
	EndGlobalSection
EndGlobal
